{
  "requires": true,
  "lockfileVersion": 1,
  "dependencies": {
    "node-statsd": {
      "version": "0.1.1",
      "resolved": "https://registry.npmjs.org/node-statsd/-/node-statsd-0.1.1.tgz",
      "integrity": "sha1-J6WTSHY9CvegN6wqAx/vPwUQE9M="
    },
    "statsd": {
      "version": "0.8.0",
      "resolved": "https://registry.npmjs.org/statsd/-/statsd-0.8.0.tgz",
      "integrity": "sha1-kgQUeeF0ohTfcUfy+rE0ivCDkFI=",
      "requires": {
        "generic-pool": "2.2.0",
        "hashring": "3.2.0",
        "modern-syslog": "1.1.2",
        "winser": "0.1.6"
      },
      "dependencies": {
        "generic-pool": {
          "version": "2.2.0",
          "resolved": "https://registry.npmjs.org/generic-pool/-/generic-pool-2.2.0.tgz",
          "integrity": "sha1-i0ZcGnWI6p3SuxM72gu2a/74pj4="
        },
        "hashring": {
          "version": "3.2.0",
          "resolved": "https://registry.npmjs.org/hashring/-/hashring-3.2.0.tgz",
          "integrity": "sha1-/aTv3oqiLNuX+x0qZeiEAeHBRM4=",
          "optional": true,
          "requires": {
            "connection-parse": "0.0.7",
            "simple-lru-cache": "0.0.2"
          },
          "dependencies": {
            "connection-parse": {
              "version": "0.0.7",
              "resolved": "https://registry.npmjs.org/connection-parse/-/connection-parse-0.0.7.tgz",
              "integrity": "sha1-GOcxiqsGppkmc3KxDFIm0locmmk=",
              "optional": true
            },
            "simple-lru-cache": {
              "version": "0.0.2",
              "resolved": "https://registry.npmjs.org/simple-lru-cache/-/simple-lru-cache-0.0.2.tgz",
              "integrity": "sha1-1ZzDoZPBpdAyD4Tucy9uRxPlEd0=",
              "optional": true
            }
          }
        },
        "modern-syslog": {
          "version": "1.1.2",
          "resolved": "https://registry.npmjs.org/modern-syslog/-/modern-syslog-1.1.2.tgz",
          "integrity": "sha1-8fpYiZ8/RS14jxVzQBISpO+JjeU=",
          "optional": true,
          "requires": {
            "nan": "2.10.0"
          },
          "dependencies": {
            "nan": {
              "version": "2.10.0",
              "resolved": "https://registry.npmjs.org/nan/-/nan-2.10.0.tgz",
              "integrity": "sha1-ltDNYQ69WNS03pzAxoKM2pnHVI8=",
              "optional": true
            }
          }
        },
        "winser": {
          "version": "0.1.6",
          "resolved": "https://registry.npmjs.org/winser/-/winser-0.1.6.tgz",
          "integrity": "sha1-CGY9wyh4oSu84WLYQNpQl7SEZsk=",
          "optional": true,
          "requires": {
            "commander": "1.3.1",
            "sequence": "2.2.1"
          },
          "dependencies": {
            "commander": {
              "version": "1.3.1",
              "resolved": "https://registry.npmjs.org/commander/-/commander-1.3.1.tgz",
              "integrity": "sha1-AkQ+AtuW9LMrZ0IlRRq7bpUQAA4=",
              "optional": true,
              "requires": {
                "keypress": "0.1.0"
              },
              "dependencies": {
                "keypress": {
                  "version": "0.1.0",
                  "resolved": "https://registry.npmjs.org/keypress/-/keypress-0.1.0.tgz",
                  "integrity": "sha1-SjGI1CkbZrT2XtuZ+AaqmuKTWSo=",
                  "optional": true
                }
              }
            },
            "sequence": {
              "version": "2.2.1",
              "resolved": "https://registry.npmjs.org/sequence/-/sequence-2.2.1.tgz",
              "integrity": "sha1-f1YXiV1ENRwKBH52RGdpBJChawM=",
              "optional": true
            }
          }
        }
      }
    }
  }
}
